
Microsoft Visual Studio Solution File, Format Version 12.00
# Visual Studio Version 17
VisualStudioVersion = 17.5.33424.131
MinimumVisualStudioVersion = 10.0.40219.1
Project("{FAE04EC0-301F-11D3-BF4B-00C04F79EFBC}") = "Revisao01", "Revisao01\Revisao01.csproj", "{8C449381-00D4-4BAA-AF01-124777B7BA4A}"
EndProject
Global
	GlobalSection(SolutionConfigurationPlatforms) = preSolution
		Debug|Any CPU = Debug|Any CPU
		Release|Any CPU = Release|Any CPU
	EndGlobalSection
	GlobalSection(ProjectConfigurationPlatforms) = postSolution
		{8C449381-00D4-4BAA-AF01-124777B7BA4A}.Debug|Any CPU.ActiveCfg = Debug|Any CPU
		{8C449381-00D4-4BAA-AF01-124777B7BA4A}.Debug|Any CPU.Build.0 = Debug|Any CPU
		{8C449381-00D4-4BAA-AF01-124777B7BA4A}.Release|Any CPU.ActiveCfg = Release|Any CPU
		{8C449381-00D4-4BAA-AF01-124777B7BA4A}.Release|Any CPU.Build.0 = Release|Any CPU
	EndGlobalSection
	GlobalSection(SolutionProperties) = preSolution
		HideSolutionNode = FALSE
	EndGlobalSection
	GlobalSection(ExtensibilityGlobals) = postSolution
		SolutionGuid = {B477D67D-ACE8-442D-A1B9-9BAD73DB7EAC}
	EndGlobalSection
EndGlobal
