
Microsoft Visual Studio Solution File, Format Version 12.00
# Visual Studio Version 17
VisualStudioVersion = 17.5.33424.131
MinimumVisualStudioVersion = 10.0.40219.1
Project("{FAE04EC0-301F-11D3-BF4B-00C04F79EFBC}") = "Course2", "Course2\Course2.csproj", "{B2F574EB-A292-44DB-ADC7-F3CC363B9220}"
EndProject
Global
	GlobalSection(SolutionConfigurationPlatforms) = preSolution
		Debug|Any CPU = Debug|Any CPU
		Release|Any CPU = Release|Any CPU
	EndGlobalSection
	GlobalSection(ProjectConfigurationPlatforms) = postSolution
		{B2F574EB-A292-44DB-ADC7-F3CC363B9220}.Debug|Any CPU.ActiveCfg = Debug|Any CPU
		{B2F574EB-A292-44DB-ADC7-F3CC363B9220}.Debug|Any CPU.Build.0 = Debug|Any CPU
		{B2F574EB-A292-44DB-ADC7-F3CC363B9220}.Release|Any CPU.ActiveCfg = Release|Any CPU
		{B2F574EB-A292-44DB-ADC7-F3CC363B9220}.Release|Any CPU.Build.0 = Release|Any CPU
	EndGlobalSection
	GlobalSection(SolutionProperties) = preSolution
		HideSolutionNode = FALSE
	EndGlobalSection
	GlobalSection(ExtensibilityGlobals) = postSolution
		SolutionGuid = {0D14B566-8C92-47AA-84EE-9A5150A633D2}
	EndGlobalSection
EndGlobal
