
Microsoft Visual Studio Solution File, Format Version 12.00
# Visual Studio Version 17
VisualStudioVersion = 17.5.33424.131
MinimumVisualStudioVersion = 10.0.40219.1
Project("{FAE04EC0-301F-11D3-BF4B-00C04F79EFBC}") = "Exerc03", "Exerc03\Exerc03.csproj", "{9DA4C1D4-2856-459D-8F7C-6EA1ED876702}"
EndProject
Global
	GlobalSection(SolutionConfigurationPlatforms) = preSolution
		Debug|Any CPU = Debug|Any CPU
		Release|Any CPU = Release|Any CPU
	EndGlobalSection
	GlobalSection(ProjectConfigurationPlatforms) = postSolution
		{9DA4C1D4-2856-459D-8F7C-6EA1ED876702}.Debug|Any CPU.ActiveCfg = Debug|Any CPU
		{9DA4C1D4-2856-459D-8F7C-6EA1ED876702}.Debug|Any CPU.Build.0 = Debug|Any CPU
		{9DA4C1D4-2856-459D-8F7C-6EA1ED876702}.Release|Any CPU.ActiveCfg = Release|Any CPU
		{9DA4C1D4-2856-459D-8F7C-6EA1ED876702}.Release|Any CPU.Build.0 = Release|Any CPU
	EndGlobalSection
	GlobalSection(SolutionProperties) = preSolution
		HideSolutionNode = FALSE
	EndGlobalSection
	GlobalSection(ExtensibilityGlobals) = postSolution
		SolutionGuid = {60BC4D35-A1E9-4819-BF0A-439B5C4EE0FC}
	EndGlobalSection
EndGlobal
