
Microsoft Visual Studio Solution File, Format Version 12.00
# Visual Studio Version 17
VisualStudioVersion = 17.5.33424.131
MinimumVisualStudioVersion = 10.0.40219.1
Project("{FAE04EC0-301F-11D3-BF4B-00C04F79EFBC}") = "Course9", "Course9\Course9.csproj", "{DFA33047-DB62-4A34-8EFD-DA8D292497A5}"
EndProject
Global
	GlobalSection(SolutionConfigurationPlatforms) = preSolution
		Debug|Any CPU = Debug|Any CPU
		Release|Any CPU = Release|Any CPU
	EndGlobalSection
	GlobalSection(ProjectConfigurationPlatforms) = postSolution
		{DFA33047-DB62-4A34-8EFD-DA8D292497A5}.Debug|Any CPU.ActiveCfg = Debug|Any CPU
		{DFA33047-DB62-4A34-8EFD-DA8D292497A5}.Debug|Any CPU.Build.0 = Debug|Any CPU
		{DFA33047-DB62-4A34-8EFD-DA8D292497A5}.Release|Any CPU.ActiveCfg = Release|Any CPU
		{DFA33047-DB62-4A34-8EFD-DA8D292497A5}.Release|Any CPU.Build.0 = Release|Any CPU
	EndGlobalSection
	GlobalSection(SolutionProperties) = preSolution
		HideSolutionNode = FALSE
	EndGlobalSection
	GlobalSection(ExtensibilityGlobals) = postSolution
		SolutionGuid = {CFA9EF92-BBD5-4F42-BE2D-1BC313E6DFB7}
	EndGlobalSection
EndGlobal
